
Microsoft Visual Studio Solution File, Format Version 12.00
# Visual Studio 15
VisualStudioVersion = 15.0.28307.902
MinimumVisualStudioVersion = 10.0.40219.1
Project("{8BC9CEB8-8B4A-11D0-8D11-00A0C91BC942}") = "floyd_gpu", "matrixMul_vs2017.vcxproj", "{997E0757-EA74-4A4E-A0FC-47D8C8831A15}"
EndProject
Project("{8BC9CEB8-8B4A-11D0-8D11-00A0C91BC942}") = "floyd_cpu", "..\floyd_cpu\floyd_cpu.vcxproj", "{1F936224-2B5A-4CEA-8586-568D116FCD2D}"
EndProject
Project("{8BC9CEB8-8B4A-11D0-8D11-00A0C91BC942}") = "bfs_cpu", "..\bfs_cpu\bfs_cpu.vcxproj", "{EABF7888-81FE-431B-8C77-09CDF579F693}"
EndProject
Global
	GlobalSection(SolutionConfigurationPlatforms) = preSolution
		Debug|x64 = Debug|x64
		Debug|x86 = Debug|x86
		Release|x64 = Release|x64
		Release|x86 = Release|x86
	EndGlobalSection
	GlobalSection(ProjectConfigurationPlatforms) = postSolution
		{997E0757-EA74-4A4E-A0FC-47D8C8831A15}.Debug|x64.ActiveCfg = Debug|x64
		{997E0757-EA74-4A4E-A0FC-47D8C8831A15}.Debug|x64.Build.0 = Debug|x64
		{997E0757-EA74-4A4E-A0FC-47D8C8831A15}.Debug|x86.ActiveCfg = Debug|x64
		{997E0757-EA74-4A4E-A0FC-47D8C8831A15}.Release|x64.ActiveCfg = Release|x64
		{997E0757-EA74-4A4E-A0FC-47D8C8831A15}.Release|x64.Build.0 = Release|x64
		{997E0757-EA74-4A4E-A0FC-47D8C8831A15}.Release|x86.ActiveCfg = Release|x64
		{1F936224-2B5A-4CEA-8586-568D116FCD2D}.Debug|x64.ActiveCfg = Debug|x64
		{1F936224-2B5A-4CEA-8586-568D116FCD2D}.Debug|x64.Build.0 = Debug|x64
		{1F936224-2B5A-4CEA-8586-568D116FCD2D}.Debug|x86.ActiveCfg = Debug|Win32
		{1F936224-2B5A-4CEA-8586-568D116FCD2D}.Debug|x86.Build.0 = Debug|Win32
		{1F936224-2B5A-4CEA-8586-568D116FCD2D}.Release|x64.ActiveCfg = Release|x64
		{1F936224-2B5A-4CEA-8586-568D116FCD2D}.Release|x64.Build.0 = Release|x64
		{1F936224-2B5A-4CEA-8586-568D116FCD2D}.Release|x86.ActiveCfg = Release|Win32
		{1F936224-2B5A-4CEA-8586-568D116FCD2D}.Release|x86.Build.0 = Release|Win32
		{EABF7888-81FE-431B-8C77-09CDF579F693}.Debug|x64.ActiveCfg = Debug|x64
		{EABF7888-81FE-431B-8C77-09CDF579F693}.Debug|x64.Build.0 = Debug|x64
		{EABF7888-81FE-431B-8C77-09CDF579F693}.Debug|x86.ActiveCfg = Debug|Win32
		{EABF7888-81FE-431B-8C77-09CDF579F693}.Debug|x86.Build.0 = Debug|Win32
		{EABF7888-81FE-431B-8C77-09CDF579F693}.Release|x64.ActiveCfg = Release|x64
		{EABF7888-81FE-431B-8C77-09CDF579F693}.Release|x64.Build.0 = Release|x64
		{EABF7888-81FE-431B-8C77-09CDF579F693}.Release|x86.ActiveCfg = Release|Win32
		{EABF7888-81FE-431B-8C77-09CDF579F693}.Release|x86.Build.0 = Release|Win32
	EndGlobalSection
	GlobalSection(SolutionProperties) = preSolution
		HideSolutionNode = FALSE
	EndGlobalSection
	GlobalSection(ExtensibilityGlobals) = postSolution
		SolutionGuid = {FCBE8886-DB10-4CE2-AB00-6CB716114C58}
	EndGlobalSection
EndGlobal
